// !$*UTF8*$!
{
	archiveVersion = 1;
	classes = {
	};
	objectVersion = 56;
	objects = {

/* Begin PBXBuildFile section */
		7125C674296CB1050039DF58 /* main.c in Sources */ = {isa = PBXBuildFile; fileRef = 7125C673296CB1050039DF58 /* main.c */; };
		712FF55E2975334D002C04D9 /* main_menu.c in Sources */ = {isa = PBXBuildFile; fileRef = 712FF55D2975334D002C04D9 /* main_menu.c */; };
		712FF561297534C9002C04D9 /* main_menu_constants.c in Sources */ = {isa = PBXBuildFile; fileRef = 712FF560297534C9002C04D9 /* main_menu_constants.c */; };
		712FF56E29753A0F002C04D9 /* get_string_from_user.c in Sources */ = {isa = PBXBuildFile; fileRef = 712FF56D29753A0F002C04D9 /* get_string_from_user.c */; };
		712FF57129753AA2002C04D9 /* get_int_from_user.c in Sources */ = {isa = PBXBuildFile; fileRef = 712FF57029753AA2002C04D9 /* get_int_from_user.c */; };
		712FF57529753B93002C04D9 /* are_strings_the_same.c in Sources */ = {isa = PBXBuildFile; fileRef = 712FF57429753B93002C04D9 /* are_strings_the_same.c */; };
		712FF57C29753C91002C04D9 /* get_linked_list_length.c in Sources */ = {isa = PBXBuildFile; fileRef = 712FF57B29753C91002C04D9 /* get_linked_list_length.c */; };
		712FF57F29753CD6002C04D9 /* can_operate_on_linked_list.c in Sources */ = {isa = PBXBuildFile; fileRef = 712FF57E29753CD6002C04D9 /* can_operate_on_linked_list.c */; };
		712FF583297579FE002C04D9 /* empty_line.c in Sources */ = {isa = PBXBuildFile; fileRef = 712FF582297579FE002C04D9 /* empty_line.c */; };
		712FF58729757B0B002C04D9 /* display_linked_list.c in Sources */ = {isa = PBXBuildFile; fileRef = 712FF58629757B0B002C04D9 /* display_linked_list.c */; };
		712FF58B29757BE7002C04D9 /* create_new_linked_list_node.c in Sources */ = {isa = PBXBuildFile; fileRef = 712FF58A29757BE7002C04D9 /* create_new_linked_list_node.c */; };
		712FF58F29757CBF002C04D9 /* update_linked_list_value.c in Sources */ = {isa = PBXBuildFile; fileRef = 712FF58E29757CBF002C04D9 /* update_linked_list_value.c */; };
		712FF59329757D7F002C04D9 /* delete_linked_list_node.c in Sources */ = {isa = PBXBuildFile; fileRef = 712FF59229757D7F002C04D9 /* delete_linked_list_node.c */; };
		712FF59729757E48002C04D9 /* validate_operation_on_linked_list.c in Sources */ = {isa = PBXBuildFile; fileRef = 712FF59629757E48002C04D9 /* validate_operation_on_linked_list.c */; };
		712FF59C29757EE7002C04D9 /* can_not_operate_on_empty_list_message.c in Sources */ = {isa = PBXBuildFile; fileRef = 712FF59B29757EE7002C04D9 /* can_not_operate_on_empty_list_message.c */; };
		712FF5A029757F6B002C04D9 /* no_supported_menu_action_message.c in Sources */ = {isa = PBXBuildFile; fileRef = 712FF59F29757F6B002C04D9 /* no_supported_menu_action_message.c */; };
		712FF5A529757FDF002C04D9 /* clear_terminal_window.c in Sources */ = {isa = PBXBuildFile; fileRef = 712FF5A429757FDF002C04D9 /* clear_terminal_window.c */; };
		712FF5A9297580E3002C04D9 /* handle_selected_menu_option.c in Sources */ = {isa = PBXBuildFile; fileRef = 712FF5A8297580E3002C04D9 /* handle_selected_menu_option.c */; };
		712FF5AD29787139002C04D9 /* export_linked_list.c in Sources */ = {isa = PBXBuildFile; fileRef = 712FF5AC29787139002C04D9 /* export_linked_list.c */; };
		712FF5B1297877FF002C04D9 /* import_linked_list.c in Sources */ = {isa = PBXBuildFile; fileRef = 712FF5B0297877FF002C04D9 /* import_linked_list.c */; };
		712FF5B6297DAB25002C04D9 /* delete_range_of_linked_list.c in Sources */ = {isa = PBXBuildFile; fileRef = 712FF5B5297DAB25002C04D9 /* delete_range_of_linked_list.c */; };
/* End PBXBuildFile section */

/* Begin PBXCopyFilesBuildPhase section */
		7125C66E296CB1050039DF58 /* CopyFiles */ = {
			isa = PBXCopyFilesBuildPhase;
			buildActionMask = 2147483647;
			dstPath = /usr/share/man/man1/;
			dstSubfolderSpec = 0;
			files = (
			);
			runOnlyForDeploymentPostprocessing = 1;
		};
/* End PBXCopyFilesBuildPhase section */

/* Begin PBXFileReference section */
		7125C670296CB1050039DF58 /* linked-list */ = {isa = PBXFileReference; explicitFileType = "compiled.mach-o.executable"; includeInIndex = 0; path = "linked-list"; sourceTree = BUILT_PRODUCTS_DIR; };
		7125C673296CB1050039DF58 /* main.c */ = {isa = PBXFileReference; lastKnownFileType = sourcecode.c.c; path = main.c; sourceTree = "<group>"; };
		712FF5532975317F002C04D9 /* string.h */ = {isa = PBXFileReference; lastKnownFileType = sourcecode.c.h; path = string.h; sourceTree = "<group>"; };
		712FF556297531AE002C04D9 /* node.h */ = {isa = PBXFileReference; lastKnownFileType = sourcecode.c.h; path = node.h; sourceTree = "<group>"; };
		712FF55C2975334D002C04D9 /* main_menu.h */ = {isa = PBXFileReference; lastKnownFileType = sourcecode.c.h; path = main_menu.h; sourceTree = "<group>"; };
		712FF55D2975334D002C04D9 /* main_menu.c */ = {isa = PBXFileReference; lastKnownFileType = sourcecode.c.c; path = main_menu.c; sourceTree = "<group>"; };
		712FF55F297534C9002C04D9 /* main_menu_constants.h */ = {isa = PBXFileReference; lastKnownFileType = sourcecode.c.h; path = main_menu_constants.h; sourceTree = "<group>"; };
		712FF560297534C9002C04D9 /* main_menu_constants.c */ = {isa = PBXFileReference; lastKnownFileType = sourcecode.c.c; path = main_menu_constants.c; sourceTree = "<group>"; };
		712FF56C29753A0F002C04D9 /* get_string_from_user.h */ = {isa = PBXFileReference; lastKnownFileType = sourcecode.c.h; path = get_string_from_user.h; sourceTree = "<group>"; };
		712FF56D29753A0F002C04D9 /* get_string_from_user.c */ = {isa = PBXFileReference; lastKnownFileType = sourcecode.c.c; path = get_string_from_user.c; sourceTree = "<group>"; };
		712FF56F29753AA2002C04D9 /* get_int_from_user.h */ = {isa = PBXFileReference; lastKnownFileType = sourcecode.c.h; path = get_int_from_user.h; sourceTree = "<group>"; };
		712FF57029753AA2002C04D9 /* get_int_from_user.c */ = {isa = PBXFileReference; lastKnownFileType = sourcecode.c.c; path = get_int_from_user.c; sourceTree = "<group>"; };
		712FF57329753B93002C04D9 /* are_strings_the_same.h */ = {isa = PBXFileReference; lastKnownFileType = sourcecode.c.h; path = are_strings_the_same.h; sourceTree = "<group>"; };
		712FF57429753B93002C04D9 /* are_strings_the_same.c */ = {isa = PBXFileReference; lastKnownFileType = sourcecode.c.c; path = are_strings_the_same.c; sourceTree = "<group>"; };
		712FF57A29753C91002C04D9 /* get_linked_list_length.h */ = {isa = PBXFileReference; lastKnownFileType = sourcecode.c.h; path = get_linked_list_length.h; sourceTree = "<group>"; };
		712FF57B29753C91002C04D9 /* get_linked_list_length.c */ = {isa = PBXFileReference; lastKnownFileType = sourcecode.c.c; path = get_linked_list_length.c; sourceTree = "<group>"; };
		712FF57D29753CD6002C04D9 /* can_operate_on_linked_list.h */ = {isa = PBXFileReference; lastKnownFileType = sourcecode.c.h; path = can_operate_on_linked_list.h; sourceTree = "<group>"; };
		712FF57E29753CD6002C04D9 /* can_operate_on_linked_list.c */ = {isa = PBXFileReference; lastKnownFileType = sourcecode.c.c; path = can_operate_on_linked_list.c; sourceTree = "<group>"; };
		712FF581297579FE002C04D9 /* empty_line.h */ = {isa = PBXFileReference; lastKnownFileType = sourcecode.c.h; path = empty_line.h; sourceTree = "<group>"; };
		712FF582297579FE002C04D9 /* empty_line.c */ = {isa = PBXFileReference; lastKnownFileType = sourcecode.c.c; path = empty_line.c; sourceTree = "<group>"; };
		712FF58529757B0B002C04D9 /* display_linked_list.h */ = {isa = PBXFileReference; lastKnownFileType = sourcecode.c.h; path = display_linked_list.h; sourceTree = "<group>"; };
		712FF58629757B0B002C04D9 /* display_linked_list.c */ = {isa = PBXFileReference; lastKnownFileType = sourcecode.c.c; path = display_linked_list.c; sourceTree = "<group>"; };
		712FF58929757BE7002C04D9 /* create_new_linked_list_node.h */ = {isa = PBXFileReference; lastKnownFileType = sourcecode.c.h; path = create_new_linked_list_node.h; sourceTree = "<group>"; };
		712FF58A29757BE7002C04D9 /* create_new_linked_list_node.c */ = {isa = PBXFileReference; lastKnownFileType = sourcecode.c.c; path = create_new_linked_list_node.c; sourceTree = "<group>"; };
		712FF58D29757CBF002C04D9 /* update_linked_list_value.h */ = {isa = PBXFileReference; lastKnownFileType = sourcecode.c.h; path = update_linked_list_value.h; sourceTree = "<group>"; };
		712FF58E29757CBF002C04D9 /* update_linked_list_value.c */ = {isa = PBXFileReference; lastKnownFileType = sourcecode.c.c; path = update_linked_list_value.c; sourceTree = "<group>"; };
		712FF59129757D7F002C04D9 /* delete_linked_list_node.h */ = {isa = PBXFileReference; lastKnownFileType = sourcecode.c.h; path = delete_linked_list_node.h; sourceTree = "<group>"; };
		712FF59229757D7F002C04D9 /* delete_linked_list_node.c */ = {isa = PBXFileReference; lastKnownFileType = sourcecode.c.c; path = delete_linked_list_node.c; sourceTree = "<group>"; };
		712FF59529757E48002C04D9 /* validate_operation_on_linked_list.h */ = {isa = PBXFileReference; lastKnownFileType = sourcecode.c.h; path = validate_operation_on_linked_list.h; sourceTree = "<group>"; };
		712FF59629757E48002C04D9 /* validate_operation_on_linked_list.c */ = {isa = PBXFileReference; lastKnownFileType = sourcecode.c.c; path = validate_operation_on_linked_list.c; sourceTree = "<group>"; };
		712FF59A29757EE7002C04D9 /* can_not_operate_on_empty_list_message.h */ = {isa = PBXFileReference; lastKnownFileType = sourcecode.c.h; path = can_not_operate_on_empty_list_message.h; sourceTree = "<group>"; };
		712FF59B29757EE7002C04D9 /* can_not_operate_on_empty_list_message.c */ = {isa = PBXFileReference; lastKnownFileType = sourcecode.c.c; path = can_not_operate_on_empty_list_message.c; sourceTree = "<group>"; };
		712FF59E29757F6B002C04D9 /* no_supported_menu_action_message.h */ = {isa = PBXFileReference; lastKnownFileType = sourcecode.c.h; path = no_supported_menu_action_message.h; sourceTree = "<group>"; };
		712FF59F29757F6B002C04D9 /* no_supported_menu_action_message.c */ = {isa = PBXFileReference; lastKnownFileType = sourcecode.c.c; path = no_supported_menu_action_message.c; sourceTree = "<group>"; };
		712FF5A329757FDF002C04D9 /* clear_terminal_window.h */ = {isa = PBXFileReference; lastKnownFileType = sourcecode.c.h; path = clear_terminal_window.h; sourceTree = "<group>"; };
		712FF5A429757FDF002C04D9 /* clear_terminal_window.c */ = {isa = PBXFileReference; lastKnownFileType = sourcecode.c.c; path = clear_terminal_window.c; sourceTree = "<group>"; };
		712FF5A7297580E3002C04D9 /* handle_selected_menu_option.h */ = {isa = PBXFileReference; lastKnownFileType = sourcecode.c.h; path = handle_selected_menu_option.h; sourceTree = "<group>"; };
		712FF5A8297580E3002C04D9 /* handle_selected_menu_option.c */ = {isa = PBXFileReference; lastKnownFileType = sourcecode.c.c; path = handle_selected_menu_option.c; sourceTree = "<group>"; };
		712FF5AB29787139002C04D9 /* export_linked_list.h */ = {isa = PBXFileReference; lastKnownFileType = sourcecode.c.h; path = export_linked_list.h; sourceTree = "<group>"; };
		712FF5AC29787139002C04D9 /* export_linked_list.c */ = {isa = PBXFileReference; lastKnownFileType = sourcecode.c.c; path = export_linked_list.c; sourceTree = "<group>"; };
		712FF5AF297877FF002C04D9 /* import_linked_list.h */ = {isa = PBXFileReference; lastKnownFileType = sourcecode.c.h; path = import_linked_list.h; sourceTree = "<group>"; };
		712FF5B0297877FF002C04D9 /* import_linked_list.c */ = {isa = PBXFileReference; lastKnownFileType = sourcecode.c.c; path = import_linked_list.c; sourceTree = "<group>"; };
		712FF5B4297DAB25002C04D9 /* delete_range_of_linked_list.h */ = {isa = PBXFileReference; lastKnownFileType = sourcecode.c.h; path = delete_range_of_linked_list.h; sourceTree = "<group>"; };
		712FF5B5297DAB25002C04D9 /* delete_range_of_linked_list.c */ = {isa = PBXFileReference; lastKnownFileType = sourcecode.c.c; path = delete_range_of_linked_list.c; sourceTree = "<group>"; };
/* End PBXFileReference section */

/* Begin PBXFrameworksBuildPhase section */
		7125C66D296CB1050039DF58 /* Frameworks */ = {
			isa = PBXFrameworksBuildPhase;
			buildActionMask = 2147483647;
			files = (
			);
			runOnlyForDeploymentPostprocessing = 0;
		};
/* End PBXFrameworksBuildPhase section */

/* Begin PBXGroup section */
		7125C667296CB1050039DF58 = {
			isa = PBXGroup;
			children = (
				7125C672296CB1050039DF58 /* linked-list */,
				7125C671296CB1050039DF58 /* Products */,
			);
			sourceTree = "<group>";
		};
		7125C671296CB1050039DF58 /* Products */ = {
			isa = PBXGroup;
			children = (
				7125C670296CB1050039DF58 /* linked-list */,
			);
			name = Products;
			sourceTree = "<group>";
		};
		7125C672296CB1050039DF58 /* linked-list */ = {
			isa = PBXGroup;
			children = (
				712FF59829757ECC002C04D9 /* messages */,
				712FF566297538D4002C04D9 /* utils */,
				712FF5522975316C002C04D9 /* typedefs */,
				712FF54C2975300C002C04D9 /* components */,
				7125C673296CB1050039DF58 /* main.c */,
			);
			path = "linked-list";
			sourceTree = "<group>";
		};
		712FF54C2975300C002C04D9 /* components */ = {
			isa = PBXGroup;
			children = (
				712FF5B3297DAB13002C04D9 /* delete_range_of_linked_list */,
				712FF5AE297877F0002C04D9 /* import_linked_list */,
				712FF5AA29787128002C04D9 /* export_linked_list */,
				712FF59029757D71002C04D9 /* delete_linked_list_node */,
				712FF58C29757CB1002C04D9 /* update_linked_list_value */,
				712FF58829757BD9002C04D9 /* create_new_linked_list_node */,
				712FF58429757AF8002C04D9 /* display_linked_list */,
				712FF5A629758099002C04D9 /* handle_selected_menu_option */,
				712FF55B29753333002C04D9 /* main_menu */,
			);
			path = components;
			sourceTree = "<group>";
		};
		712FF5522975316C002C04D9 /* typedefs */ = {
			isa = PBXGroup;
			children = (
				712FF5532975317F002C04D9 /* string.h */,
				712FF556297531AE002C04D9 /* node.h */,
			);
			path = typedefs;
			sourceTree = "<group>";
		};
		712FF55B29753333002C04D9 /* main_menu */ = {
			isa = PBXGroup;
			children = (
				712FF55C2975334D002C04D9 /* main_menu.h */,
				712FF55D2975334D002C04D9 /* main_menu.c */,
				712FF55F297534C9002C04D9 /* main_menu_constants.h */,
				712FF560297534C9002C04D9 /* main_menu_constants.c */,
			);
			path = main_menu;
			sourceTree = "<group>";
		};
		712FF566297538D4002C04D9 /* utils */ = {
			isa = PBXGroup;
			children = (
				712FF5A229757FCF002C04D9 /* clear_terminal_window */,
				712FF580297579DD002C04D9 /* empty_line */,
				712FF57229753B6B002C04D9 /* are_strings_the_same */,
				712FF56B297539FD002C04D9 /* linked_list */,
				712FF56A297539DA002C04D9 /* user_typo */,
			);
			path = utils;
			sourceTree = "<group>";
		};
		712FF56A297539DA002C04D9 /* user_typo */ = {
			isa = PBXGroup;
			children = (
				712FF57729753C3B002C04D9 /* get_int_from_user */,
				712FF57629753C27002C04D9 /* get_string_from_user */,
			);
			path = user_typo;
			sourceTree = "<group>";
		};
		712FF56B297539FD002C04D9 /* linked_list */ = {
			isa = PBXGroup;
			children = (
				712FF59429757E37002C04D9 /* validate_operation_on_linked_list */,
				712FF57929753C7B002C04D9 /* get_linked_list_length */,
				712FF57829753C70002C04D9 /* can_operate_on_linked_list */,
			);
			path = linked_list;
			sourceTree = "<group>";
		};
		712FF57229753B6B002C04D9 /* are_strings_the_same */ = {
			isa = PBXGroup;
			children = (
				712FF57329753B93002C04D9 /* are_strings_the_same.h */,
				712FF57429753B93002C04D9 /* are_strings_the_same.c */,
			);
			path = are_strings_the_same;
			sourceTree = "<group>";
		};
		712FF57629753C27002C04D9 /* get_string_from_user */ = {
			isa = PBXGroup;
			children = (
				712FF56C29753A0F002C04D9 /* get_string_from_user.h */,
				712FF56D29753A0F002C04D9 /* get_string_from_user.c */,
			);
			path = get_string_from_user;
			sourceTree = "<group>";
		};
		712FF57729753C3B002C04D9 /* get_int_from_user */ = {
			isa = PBXGroup;
			children = (
				712FF56F29753AA2002C04D9 /* get_int_from_user.h */,
				712FF57029753AA2002C04D9 /* get_int_from_user.c */,
			);
			path = get_int_from_user;
			sourceTree = "<group>";
		};
		712FF57829753C70002C04D9 /* can_operate_on_linked_list */ = {
			isa = PBXGroup;
			children = (
				712FF57D29753CD6002C04D9 /* can_operate_on_linked_list.h */,
				712FF57E29753CD6002C04D9 /* can_operate_on_linked_list.c */,
			);
			path = can_operate_on_linked_list;
			sourceTree = "<group>";
		};
		712FF57929753C7B002C04D9 /* get_linked_list_length */ = {
			isa = PBXGroup;
			children = (
				712FF57A29753C91002C04D9 /* get_linked_list_length.h */,
				712FF57B29753C91002C04D9 /* get_linked_list_length.c */,
			);
			path = get_linked_list_length;
			sourceTree = "<group>";
		};
		712FF580297579DD002C04D9 /* empty_line */ = {
			isa = PBXGroup;
			children = (
				712FF581297579FE002C04D9 /* empty_line.h */,
				712FF582297579FE002C04D9 /* empty_line.c */,
			);
			path = empty_line;
			sourceTree = "<group>";
		};
		712FF58429757AF8002C04D9 /* display_linked_list */ = {
			isa = PBXGroup;
			children = (
				712FF58529757B0B002C04D9 /* display_linked_list.h */,
				712FF58629757B0B002C04D9 /* display_linked_list.c */,
			);
			path = display_linked_list;
			sourceTree = "<group>";
		};
		712FF58829757BD9002C04D9 /* create_new_linked_list_node */ = {
			isa = PBXGroup;
			children = (
				712FF58929757BE7002C04D9 /* create_new_linked_list_node.h */,
				712FF58A29757BE7002C04D9 /* create_new_linked_list_node.c */,
			);
			path = create_new_linked_list_node;
			sourceTree = "<group>";
		};
		712FF58C29757CB1002C04D9 /* update_linked_list_value */ = {
			isa = PBXGroup;
			children = (
				712FF58D29757CBF002C04D9 /* update_linked_list_value.h */,
				712FF58E29757CBF002C04D9 /* update_linked_list_value.c */,
			);
			path = update_linked_list_value;
			sourceTree = "<group>";
		};
		712FF59029757D71002C04D9 /* delete_linked_list_node */ = {
			isa = PBXGroup;
			children = (
				712FF59129757D7F002C04D9 /* delete_linked_list_node.h */,
				712FF59229757D7F002C04D9 /* delete_linked_list_node.c */,
			);
			path = delete_linked_list_node;
			sourceTree = "<group>";
		};
		712FF59429757E37002C04D9 /* validate_operation_on_linked_list */ = {
			isa = PBXGroup;
			children = (
				712FF59529757E48002C04D9 /* validate_operation_on_linked_list.h */,
				712FF59629757E48002C04D9 /* validate_operation_on_linked_list.c */,
			);
			path = validate_operation_on_linked_list;
			sourceTree = "<group>";
		};
		712FF59829757ECC002C04D9 /* messages */ = {
			isa = PBXGroup;
			children = (
				712FF59D29757F5B002C04D9 /* no_supported_menu_action_message */,
				712FF59929757ED5002C04D9 /* can_not_operate_on_empty_list_message */,
			);
			path = messages;
			sourceTree = "<group>";
		};
		712FF59929757ED5002C04D9 /* can_not_operate_on_empty_list_message */ = {
			isa = PBXGroup;
			children = (
				712FF59A29757EE7002C04D9 /* can_not_operate_on_empty_list_message.h */,
				712FF59B29757EE7002C04D9 /* can_not_operate_on_empty_list_message.c */,
			);
			path = can_not_operate_on_empty_list_message;
			sourceTree = "<group>";
		};
		712FF59D29757F5B002C04D9 /* no_supported_menu_action_message */ = {
			isa = PBXGroup;
			children = (
				712FF59E29757F6B002C04D9 /* no_supported_menu_action_message.h */,
				712FF59F29757F6B002C04D9 /* no_supported_menu_action_message.c */,
			);
			path = no_supported_menu_action_message;
			sourceTree = "<group>";
		};
		712FF5A229757FCF002C04D9 /* clear_terminal_window */ = {
			isa = PBXGroup;
			children = (
				712FF5A329757FDF002C04D9 /* clear_terminal_window.h */,
				712FF5A429757FDF002C04D9 /* clear_terminal_window.c */,
			);
			path = clear_terminal_window;
			sourceTree = "<group>";
		};
		712FF5A629758099002C04D9 /* handle_selected_menu_option */ = {
			isa = PBXGroup;
			children = (
				712FF5A7297580E3002C04D9 /* handle_selected_menu_option.h */,
				712FF5A8297580E3002C04D9 /* handle_selected_menu_option.c */,
			);
			path = handle_selected_menu_option;
			sourceTree = "<group>";
		};
		712FF5AA29787128002C04D9 /* export_linked_list */ = {
			isa = PBXGroup;
			children = (
				712FF5AB29787139002C04D9 /* export_linked_list.h */,
				712FF5AC29787139002C04D9 /* export_linked_list.c */,
			);
			path = export_linked_list;
			sourceTree = "<group>";
		};
		712FF5AE297877F0002C04D9 /* import_linked_list */ = {
			isa = PBXGroup;
			children = (
				712FF5AF297877FF002C04D9 /* import_linked_list.h */,
				712FF5B0297877FF002C04D9 /* import_linked_list.c */,
			);
			path = import_linked_list;
			sourceTree = "<group>";
		};
		712FF5B3297DAB13002C04D9 /* delete_range_of_linked_list */ = {
			isa = PBXGroup;
			children = (
				712FF5B4297DAB25002C04D9 /* delete_range_of_linked_list.h */,
				712FF5B5297DAB25002C04D9 /* delete_range_of_linked_list.c */,
			);
			path = delete_range_of_linked_list;
			sourceTree = "<group>";
		};
/* End PBXGroup section */

/* Begin PBXNativeTarget section */
		7125C66F296CB1050039DF58 /* linked-list */ = {
			isa = PBXNativeTarget;
			buildConfigurationList = 7125C677296CB1050039DF58 /* Build configuration list for PBXNativeTarget "linked-list" */;
			buildPhases = (
				7125C66C296CB1050039DF58 /* Sources */,
				7125C66D296CB1050039DF58 /* Frameworks */,
				7125C66E296CB1050039DF58 /* CopyFiles */,
			);
			buildRules = (
			);
			dependencies = (
			);
			name = "linked-list";
			productName = "linked-list";
			productReference = 7125C670296CB1050039DF58 /* linked-list */;
			productType = "com.apple.product-type.tool";
		};
/* End PBXNativeTarget section */

/* Begin PBXProject section */
		7125C668296CB1050039DF58 /* Project object */ = {
			isa = PBXProject;
			attributes = {
				BuildIndependentTargetsInParallel = 1;
				LastUpgradeCheck = 1420;
				TargetAttributes = {
					7125C66F296CB1050039DF58 = {
						CreatedOnToolsVersion = 14.2;
					};
				};
			};
			buildConfigurationList = 7125C66B296CB1050039DF58 /* Build configuration list for PBXProject "linked-list" */;
			compatibilityVersion = "Xcode 14.0";
			developmentRegion = en;
			hasScannedForEncodings = 0;
			knownRegions = (
				en,
				Base,
			);
			mainGroup = 7125C667296CB1050039DF58;
			productRefGroup = 7125C671296CB1050039DF58 /* Products */;
			projectDirPath = "";
			projectRoot = "";
			targets = (
				7125C66F296CB1050039DF58 /* linked-list */,
			);
		};
/* End PBXProject section */

/* Begin PBXSourcesBuildPhase section */
		7125C66C296CB1050039DF58 /* Sources */ = {
			isa = PBXSourcesBuildPhase;
			buildActionMask = 2147483647;
			files = (
				712FF58F29757CBF002C04D9 /* update_linked_list_value.c in Sources */,
				712FF58729757B0B002C04D9 /* display_linked_list.c in Sources */,
				712FF59729757E48002C04D9 /* validate_operation_on_linked_list.c in Sources */,
				712FF58B29757BE7002C04D9 /* create_new_linked_list_node.c in Sources */,
				7125C674296CB1050039DF58 /* main.c in Sources */,
				712FF57C29753C91002C04D9 /* get_linked_list_length.c in Sources */,
				712FF56E29753A0F002C04D9 /* get_string_from_user.c in Sources */,
				712FF55E2975334D002C04D9 /* main_menu.c in Sources */,
				712FF57F29753CD6002C04D9 /* can_operate_on_linked_list.c in Sources */,
				712FF561297534C9002C04D9 /* main_menu_constants.c in Sources */,
				712FF59329757D7F002C04D9 /* delete_linked_list_node.c in Sources */,
				712FF5A9297580E3002C04D9 /* handle_selected_menu_option.c in Sources */,
				712FF57129753AA2002C04D9 /* get_int_from_user.c in Sources */,
				712FF5B1297877FF002C04D9 /* import_linked_list.c in Sources */,
				712FF5AD29787139002C04D9 /* export_linked_list.c in Sources */,
				712FF5B6297DAB25002C04D9 /* delete_range_of_linked_list.c in Sources */,
				712FF57529753B93002C04D9 /* are_strings_the_same.c in Sources */,
				712FF59C29757EE7002C04D9 /* can_not_operate_on_empty_list_message.c in Sources */,
				712FF5A029757F6B002C04D9 /* no_supported_menu_action_message.c in Sources */,
				712FF5A529757FDF002C04D9 /* clear_terminal_window.c in Sources */,
				712FF583297579FE002C04D9 /* empty_line.c in Sources */,
			);
			runOnlyForDeploymentPostprocessing = 0;
		};
/* End PBXSourcesBuildPhase section */

/* Begin XCBuildConfiguration section */
		7125C675296CB1050039DF58 /* Debug */ = {
			isa = XCBuildConfiguration;
			buildSettings = {
				ALWAYS_SEARCH_USER_PATHS = NO;
				CLANG_ANALYZER_NONNULL = YES;
				CLANG_ANALYZER_NUMBER_OBJECT_CONVERSION = YES_AGGRESSIVE;
				CLANG_CXX_LANGUAGE_STANDARD = "gnu++20";
				CLANG_ENABLE_MODULES = YES;
				CLANG_ENABLE_OBJC_ARC = YES;
				CLANG_ENABLE_OBJC_WEAK = YES;
				CLANG_WARN_BLOCK_CAPTURE_AUTORELEASING = YES;
				CLANG_WARN_BOOL_CONVERSION = YES;
				CLANG_WARN_COMMA = YES;
				CLANG_WARN_CONSTANT_CONVERSION = YES;
				CLANG_WARN_DEPRECATED_OBJC_IMPLEMENTATIONS = YES;
				CLANG_WARN_DIRECT_OBJC_ISA_USAGE = YES_ERROR;
				CLANG_WARN_DOCUMENTATION_COMMENTS = YES;
				CLANG_WARN_EMPTY_BODY = YES;
				CLANG_WARN_ENUM_CONVERSION = YES;
				CLANG_WARN_INFINITE_RECURSION = YES;
				CLANG_WARN_INT_CONVERSION = YES;
				CLANG_WARN_NON_LITERAL_NULL_CONVERSION = YES;
				CLANG_WARN_OBJC_IMPLICIT_RETAIN_SELF = YES;
				CLANG_WARN_OBJC_LITERAL_CONVERSION = YES;
				CLANG_WARN_OBJC_ROOT_CLASS = YES_ERROR;
				CLANG_WARN_QUOTED_INCLUDE_IN_FRAMEWORK_HEADER = YES;
				CLANG_WARN_RANGE_LOOP_ANALYSIS = YES;
				CLANG_WARN_STRICT_PROTOTYPES = YES;
				CLANG_WARN_SUSPICIOUS_MOVE = YES;
				CLANG_WARN_UNGUARDED_AVAILABILITY = YES_AGGRESSIVE;
				CLANG_WARN_UNREACHABLE_CODE = YES;
				CLANG_WARN__DUPLICATE_METHOD_MATCH = YES;
				COPY_PHASE_STRIP = NO;
				DEBUG_INFORMATION_FORMAT = dwarf;
				ENABLE_STRICT_OBJC_MSGSEND = YES;
				ENABLE_TESTABILITY = YES;
				GCC_C_LANGUAGE_STANDARD = gnu11;
				GCC_DYNAMIC_NO_PIC = NO;
				GCC_NO_COMMON_BLOCKS = YES;
				GCC_OPTIMIZATION_LEVEL = 0;
				GCC_PREPROCESSOR_DEFINITIONS = (
					"DEBUG=1",
					"$(inherited)",
				);
				GCC_WARN_64_TO_32_BIT_CONVERSION = YES;
				GCC_WARN_ABOUT_RETURN_TYPE = YES_ERROR;
				GCC_WARN_UNDECLARED_SELECTOR = YES;
				GCC_WARN_UNINITIALIZED_AUTOS = YES_AGGRESSIVE;
				GCC_WARN_UNUSED_FUNCTION = YES;
				GCC_WARN_UNUSED_VARIABLE = YES;
				MACOSX_DEPLOYMENT_TARGET = 13.1;
				MTL_ENABLE_DEBUG_INFO = INCLUDE_SOURCE;
				MTL_FAST_MATH = YES;
				ONLY_ACTIVE_ARCH = YES;
				SDKROOT = macosx;
			};
			name = Debug;
		};
		7125C676296CB1050039DF58 /* Release */ = {
			isa = XCBuildConfiguration;
			buildSettings = {
				ALWAYS_SEARCH_USER_PATHS = NO;
				CLANG_ANALYZER_NONNULL = YES;
				CLANG_ANALYZER_NUMBER_OBJECT_CONVERSION = YES_AGGRESSIVE;
				CLANG_CXX_LANGUAGE_STANDARD = "gnu++20";
				CLANG_ENABLE_MODULES = YES;
				CLANG_ENABLE_OBJC_ARC = YES;
				CLANG_ENABLE_OBJC_WEAK = YES;
				CLANG_WARN_BLOCK_CAPTURE_AUTORELEASING = YES;
				CLANG_WARN_BOOL_CONVERSION = YES;
				CLANG_WARN_COMMA = YES;
				CLANG_WARN_CONSTANT_CONVERSION = YES;
				CLANG_WARN_DEPRECATED_OBJC_IMPLEMENTATIONS = YES;
				CLANG_WARN_DIRECT_OBJC_ISA_USAGE = YES_ERROR;
				CLANG_WARN_DOCUMENTATION_COMMENTS = YES;
				CLANG_WARN_EMPTY_BODY = YES;
				CLANG_WARN_ENUM_CONVERSION = YES;
				CLANG_WARN_INFINITE_RECURSION = YES;
				CLANG_WARN_INT_CONVERSION = YES;
				CLANG_WARN_NON_LITERAL_NULL_CONVERSION = YES;
				CLANG_WARN_OBJC_IMPLICIT_RETAIN_SELF = YES;
				CLANG_WARN_OBJC_LITERAL_CONVERSION = YES;
				CLANG_WARN_OBJC_ROOT_CLASS = YES_ERROR;
				CLANG_WARN_QUOTED_INCLUDE_IN_FRAMEWORK_HEADER = YES;
				CLANG_WARN_RANGE_LOOP_ANALYSIS = YES;
				CLANG_WARN_STRICT_PROTOTYPES = YES;
				CLANG_WARN_SUSPICIOUS_MOVE = YES;
				CLANG_WARN_UNGUARDED_AVAILABILITY = YES_AGGRESSIVE;
				CLANG_WARN_UNREACHABLE_CODE = YES;
				CLANG_WARN__DUPLICATE_METHOD_MATCH = YES;
				COPY_PHASE_STRIP = NO;
				DEBUG_INFORMATION_FORMAT = "dwarf-with-dsym";
				ENABLE_NS_ASSERTIONS = NO;
				ENABLE_STRICT_OBJC_MSGSEND = YES;
				GCC_C_LANGUAGE_STANDARD = gnu11;
				GCC_NO_COMMON_BLOCKS = YES;
				GCC_WARN_64_TO_32_BIT_CONVERSION = YES;
				GCC_WARN_ABOUT_RETURN_TYPE = YES_ERROR;
				GCC_WARN_UNDECLARED_SELECTOR = YES;
				GCC_WARN_UNINITIALIZED_AUTOS = YES_AGGRESSIVE;
				GCC_WARN_UNUSED_FUNCTION = YES;
				GCC_WARN_UNUSED_VARIABLE = YES;
				MACOSX_DEPLOYMENT_TARGET = 13.1;
				MTL_ENABLE_DEBUG_INFO = NO;
				MTL_FAST_MATH = YES;
				SDKROOT = macosx;
			};
			name = Release;
		};
		7125C678296CB1050039DF58 /* Debug */ = {
			isa = XCBuildConfiguration;
			buildSettings = {
				CODE_SIGN_STYLE = Automatic;
				PRODUCT_NAME = "$(TARGET_NAME)";
			};
			name = Debug;
		};
		7125C679296CB1050039DF58 /* Release */ = {
			isa = XCBuildConfiguration;
			buildSettings = {
				CODE_SIGN_STYLE = Automatic;
				PRODUCT_NAME = "$(TARGET_NAME)";
			};
			name = Release;
		};
/* End XCBuildConfiguration section */

/* Begin XCConfigurationList section */
		7125C66B296CB1050039DF58 /* Build configuration list for PBXProject "linked-list" */ = {
			isa = XCConfigurationList;
			buildConfigurations = (
				7125C675296CB1050039DF58 /* Debug */,
				7125C676296CB1050039DF58 /* Release */,
			);
			defaultConfigurationIsVisible = 0;
			defaultConfigurationName = Release;
		};
		7125C677296CB1050039DF58 /* Build configuration list for PBXNativeTarget "linked-list" */ = {
			isa = XCConfigurationList;
			buildConfigurations = (
				7125C678296CB1050039DF58 /* Debug */,
				7125C679296CB1050039DF58 /* Release */,
			);
			defaultConfigurationIsVisible = 0;
			defaultConfigurationName = Release;
		};
/* End XCConfigurationList section */
	};
	rootObject = 7125C668296CB1050039DF58 /* Project object */;
}
